
Microsoft Visual Studio Solution File, Format Version 12.00
# Visual Studio Version 16
VisualStudioVersion = 16.0.30309.148
MinimumVisualStudioVersion = 10.0.40219.1
Project("{FAE04EC0-301F-11D3-BF4B-00C04F79EFBC}") = "Project 2", "Project 2\Project 2.csproj", "{D29F6685-F76B-492D-BD61-357BE11C9E05}"
EndProject
Global
	GlobalSection(SolutionConfigurationPlatforms) = preSolution
		Debug|Any CPU = Debug|Any CPU
		Release|Any CPU = Release|Any CPU
	EndGlobalSection
	GlobalSection(ProjectConfigurationPlatforms) = postSolution
		{D29F6685-F76B-492D-BD61-357BE11C9E05}.Debug|Any CPU.ActiveCfg = Debug|Any CPU
		{D29F6685-F76B-492D-BD61-357BE11C9E05}.Debug|Any CPU.Build.0 = Debug|Any CPU
		{D29F6685-F76B-492D-BD61-357BE11C9E05}.Release|Any CPU.ActiveCfg = Release|Any CPU
		{D29F6685-F76B-492D-BD61-357BE11C9E05}.Release|Any CPU.Build.0 = Release|Any CPU
	EndGlobalSection
	GlobalSection(SolutionProperties) = preSolution
		HideSolutionNode = FALSE
	EndGlobalSection
	GlobalSection(ExtensibilityGlobals) = postSolution
		SolutionGuid = {A42680B3-320C-44E9-BC86-443A6322DA4D}
	EndGlobalSection
EndGlobal
